
Microsoft Visual Studio Solution File, Format Version 12.00
# Visual Studio Version 17
VisualStudioVersion = 17.9.34622.214
MinimumVisualStudioVersion = 10.0.40219.1
Project("{FAE04EC0-301F-11D3-BF4B-00C04F79EFBC}") = "AdvanceCalculatorAvaloniaUI", "AdvanceCalculatorAvaloniaUI\AdvanceCalculatorAvaloniaUI.csproj", "{72C0FB6F-0231-4304-B20F-D49CDDD1268B}"
EndProject
Global
	GlobalSection(SolutionConfigurationPlatforms) = preSolution
		Debug|Any CPU = Debug|Any CPU
		Release|Any CPU = Release|Any CPU
	EndGlobalSection
	GlobalSection(ProjectConfigurationPlatforms) = postSolution
		{72C0FB6F-0231-4304-B20F-D49CDDD1268B}.Debug|Any CPU.ActiveCfg = Debug|Any CPU
		{72C0FB6F-0231-4304-B20F-D49CDDD1268B}.Debug|Any CPU.Build.0 = Debug|Any CPU
		{72C0FB6F-0231-4304-B20F-D49CDDD1268B}.Release|Any CPU.ActiveCfg = Release|Any CPU
		{72C0FB6F-0231-4304-B20F-D49CDDD1268B}.Release|Any CPU.Build.0 = Release|Any CPU
	EndGlobalSection
	GlobalSection(SolutionProperties) = preSolution
		HideSolutionNode = FALSE
	EndGlobalSection
	GlobalSection(ExtensibilityGlobals) = postSolution
		SolutionGuid = {B7BA14C6-7327-4140-98AB-93BF76782F8C}
	EndGlobalSection
EndGlobal
